
Microsoft Visual Studio Solution File, Format Version 12.00
# Visual Studio Version 16
VisualStudioVersion = 16.0.32630.194
MinimumVisualStudioVersion = 10.0.40219.1
Project("{FAE04EC0-301F-11D3-BF4B-00C04F79EFBC}") = "RPG_Game", "RPG_Game.csproj", "{E3665C8C-F7E7-4E9C-AB13-887FCC0460C6}"
EndProject
Global
	GlobalSection(SolutionConfigurationPlatforms) = preSolution
		Debug|Any CPU = Debug|Any CPU
		Release|Any CPU = Release|Any CPU
	EndGlobalSection
	GlobalSection(ProjectConfigurationPlatforms) = postSolution
		{E3665C8C-F7E7-4E9C-AB13-887FCC0460C6}.Debug|Any CPU.ActiveCfg = Debug|Any CPU
		{E3665C8C-F7E7-4E9C-AB13-887FCC0460C6}.Debug|Any CPU.Build.0 = Debug|Any CPU
		{E3665C8C-F7E7-4E9C-AB13-887FCC0460C6}.Release|Any CPU.ActiveCfg = Release|Any CPU
		{E3665C8C-F7E7-4E9C-AB13-887FCC0460C6}.Release|Any CPU.Build.0 = Release|Any CPU
	EndGlobalSection
	GlobalSection(SolutionProperties) = preSolution
		HideSolutionNode = FALSE
	EndGlobalSection
	GlobalSection(ExtensibilityGlobals) = postSolution
		SolutionGuid = {92441042-C405-4A70-9348-0D2087845821}
	EndGlobalSection
EndGlobal
